version = 1
revision = 1
requires-python = ">=3.7"

[[package]]
name = "cython"
version = "3.0.5"
source = { registry = "https://pypi.org/simple" }
sdist = { url = "https://files.pythonhosted.org/packages/16/fb/82178bc16887eb9b03f2fc73c50aaa96ce528c3fd3c6f89cae631923af15/Cython-3.0.5.tar.gz", hash = "sha256:39318348db488a2f24e7c84e08bdc82f2624853c0fea8b475ea0b70b27176492", size = 2737151 }
wheels = [
    { url = "https://files.pythonhosted.org/packages/98/f5/e59d29e1eda2e9efcd9b04e705e5af541c637d082063012790eb04202e9d/Cython-3.0.5-cp310-cp310-macosx_10_9_x86_64.whl", hash = "sha256:4faf17ea6e8fc3065a862d4b24be84048fd58ed7abe59aa2f9141446a7a72335", size = 3097530 },
    { url = "https://files.pythonhosted.org/packages/28/6b/1f25c862fa884f160adeb4f3e8ebb181807ea6f47889d5df3fd66fc93815/Cython-3.0.5-cp310-cp310-manylinux_2_17_aarch64.manylinux2014_aarch64.whl", hash = "sha256:a1cab30c11880f38a27911b569ea38b0bd67fcf32f8a8a8519b613c70562dae2", size = 3455453 },
    { url = "https://files.pythonhosted.org/packages/db/33/7fb241cdb3499078fbd3b0e5f87af1a3114a437e6b75bce80cd2f644cc5a/Cython-3.0.5-cp310-cp310-manylinux_2_17_x86_64.manylinux2014_x86_64.whl", hash = "sha256:2c4d4d92182002b2878adb3329de1ccb7f3f7571d3586f92602e790bfeab45d0", size = 3619754 },
    { url = "https://files.pythonhosted.org/packages/36/80/3e832aa557eb88d03eddba06f6f8cea3101b73cf40930f5e46752468ec3e/Cython-3.0.5-cp310-cp310-manylinux_2_5_i686.manylinux1_i686.manylinux_2_17_i686.manylinux2014_i686.whl", hash = "sha256:b94f58e05e69e1a43da551c8f532e9fad057df1641f0f8ae8f103d4ede5a80fe", size = 3671536 },
    { url = "https://files.pythonhosted.org/packages/85/28/6336d85a9c72bd328f81e979c01a68ee1af8c1ff2e17971912706b5983c6/Cython-3.0.5-cp310-cp310-musllinux_1_1_aarch64.whl", hash = "sha256:a90f9c7b6635967eacafebe439d518b7dc720aaaf19cb9553f5aad03c13296f4", size = 3461159 },
    { url = "https://files.pythonhosted.org/packages/7f/86/3f4e2efdccf553b4f20681c9c8e650bc58652c548d45e799c8e805998779/Cython-3.0.5-cp310-cp310-musllinux_1_1_x86_64.whl", hash = "sha256:c95bd21d87b08c88fe5296381a5f39cd979a775bf1a1d7379a6ff87c703e510b", size = 3615506 },
    { url = "https://files.pythonhosted.org/packages/f2/e2/64518564f88813fcce3c3e77be4a66b97489ec62c3a07edd843d3e64bb0d/Cython-3.0.5-cp310-cp310-win32.whl", hash = "sha256:ebc901131057c115a8868e14c1df6e56b9190df774b72664c03ebd858296bb81", size = 2568408 },
    { url = "https://files.pythonhosted.org/packages/97/c1/1a13f348652cc14d76399ca86b8360fc04927a6ef07a7f18c1ce4d407111/Cython-3.0.5-cp310-cp310-win_amd64.whl", hash = "sha256:0759868b4a4d103578375e031e89abd578c26774d957ee4f591764ef8003b363", size = 2773497 },
    { url = "https://files.pythonhosted.org/packages/f0/4d/f3c3b288759326e8db794ec8f300e23f05da6bfd967aa5c52ace95cfc899/Cython-3.0.5-cp311-cp311-macosx_10_9_x86_64.whl", hash = "sha256:3679a6693456f5f7ccca9ab2a91408e99ee257e145024fe380da7c78a07e98b6", size = 3110580 },
    { url = "https://files.pythonhosted.org/packages/8a/da/bd0f9522b2cba0b12dd9b8f09206e40a42d56397f5e2fbbd5d9c2f345931/Cython-3.0.5-cp311-cp311-manylinux_2_17_aarch64.manylinux2014_aarch64.whl", hash = "sha256:2ad4eb2608661d63fb57c674dafb9955f5141d748d4579c7722c1a3c6b86a0c2", size = 3434563 },
    { url = "https://files.pythonhosted.org/packages/a7/11/efe212d1d29a150f7ca4d3c2de18ddc66b8ec86c99bda3d6fbb5c6facfd0/Cython-3.0.5-cp311-cp311-manylinux_2_17_x86_64.manylinux2014_x86_64.whl", hash = "sha256:b37f4b0d983316242b4b9241ecbbe55220aa92af93ff04626441fe0ea90a54f9", size = 3587533 },
    { url = "https://files.pythonhosted.org/packages/53/9e/f8254d6d3a7534f0f7883b3e66660290cd654d0dfb50458d11ec903aaba2/Cython-3.0.5-cp311-cp311-manylinux_2_5_i686.manylinux1_i686.manylinux_2_17_i686.manylinux2014_i686.whl", hash = "sha256:34059c3ea6e342ba388cd9774a61761bb4200ca18bd475de65c9cc70ef4e0204", size = 3631636 },
    { url = "https://files.pythonhosted.org/packages/b8/33/6bee4f4dfe1cba72adced4d95d545268ed9173898b4a797ebbe3659c4e36/Cython-3.0.5-cp311-cp311-musllinux_1_1_aarch64.whl", hash = "sha256:4db9eea298e982aee7ba12b3432c66eb2e91bb2f5d026bbd57c35698ea0f557f", size = 3454839 },
    { url = "https://files.pythonhosted.org/packages/cd/4c/08498008d5caf297ba5fa355b50fec7db987258358bd597a4529cd13472a/Cython-3.0.5-cp311-cp311-musllinux_1_1_x86_64.whl", hash = "sha256:452679284c15a7d5a88bff675e1dd660349360f0665aea50be2d98b7650925f8", size = 3611259 },
    { url = "https://files.pythonhosted.org/packages/0b/11/d3527bc11dcbb00f07e477877bf63671f2db79320c1134ed06882a4c6315/Cython-3.0.5-cp311-cp311-win32.whl", hash = "sha256:2d6bb318ddce8b978c81cf78caf8b3836db84f6235d721952685e87871f506e4", size = 2569827 },
    { url = "https://files.pythonhosted.org/packages/30/ca/d68432adc1bf90b450c4d9aaf7cbadae50bca0cad1686b1976498abe2eca/Cython-3.0.5-cp311-cp311-win_amd64.whl", hash = "sha256:fcfd2255458a5779dbab813550695331d541b24f0ef831ace83f04f9516ddf26", size = 2781511 },
    { url = "https://files.pythonhosted.org/packages/2f/33/701bf3232a758da24e0c7e4f4c4f162fe5c17999ff848afeccdcfdf75ae3/Cython-3.0.5-cp312-cp312-macosx_10_9_x86_64.whl", hash = "sha256:0d9fcfc09d67218fce114fe9fd97bba4f9d56add0f775c588d8c626ed47f1aef", size = 3132073 },
    { url = "https://files.pythonhosted.org/packages/96/a7/0c7cc43df78ac1e821c6194658612554b3d0ebf3e042dd6a108d45550d83/Cython-3.0.5-cp312-cp312-manylinux_2_17_aarch64.manylinux2014_aarch64.whl", hash = "sha256:6ac1cf1f2ed01656b33618352f7e42bf75d027425b83cc96cfe13ce4b6cba5de", size = 3338471 },
    { url = "https://files.pythonhosted.org/packages/0a/f5/a629b0decba74c6cd1f9e830d1e55b89b6be15507d26c7cc14bc87275b28/Cython-3.0.5-cp312-cp312-manylinux_2_17_x86_64.manylinux2014_x86_64.whl", hash = "sha256:d9d17a6ceb301c5dbd3820e62c1b10a4ad3a6eea3e07e7afaf736b5f490c2e32", size = 3506080 },
    { url = "https://files.pythonhosted.org/packages/4f/03/32cef9c4de051085e9a51a49882407c890d2264d2c20ef49b95764f273b4/Cython-3.0.5-cp312-cp312-manylinux_2_5_i686.manylinux1_i686.manylinux_2_17_i686.manylinux2014_i686.whl", hash = "sha256:dd9cab3b862bec2b110886aedb11765e9deda363c4c7ab5ea205f3d8f143c411", size = 3571023 },
    { url = "https://files.pythonhosted.org/packages/e4/44/b71e1eadcf4ef04a58fa97a6bff5be2c0c3f75cee71547517742a633245c/Cython-3.0.5-cp312-cp312-musllinux_1_1_aarch64.whl", hash = "sha256:45277bb54c35b11bcdd6cf0f56eb950eb280b67146db0cb57853fb6334c6d11d", size = 3353183 },
    { url = "https://files.pythonhosted.org/packages/5a/66/da714e97361699dbbfb429b5927a909dcf2dfeee9c05b1171192cd8eec94/Cython-3.0.5-cp312-cp312-musllinux_1_1_x86_64.whl", hash = "sha256:77f4d001fb7a03a68b53be20571acd17452d1dda7907d9c325dff0cc704b1ef9", size = 3520955 },
    { url = "https://files.pythonhosted.org/packages/3c/31/5ffa52e6c23947f3dc7daf5d7b93f2fe2ac3debfbbea29d8ea232e57d5a2/Cython-3.0.5-cp312-cp312-win32.whl", hash = "sha256:57b44f789794d74c1feddae054dd045b9f601bdffd7288e069b4ca7ed607ec61", size = 2599814 },
    { url = "https://files.pythonhosted.org/packages/38/4a/a3564a657094d414c98c794fa8efab43ac95347288047587aca9c55b4859/Cython-3.0.5-cp312-cp312-win_amd64.whl", hash = "sha256:05c4efd36879ff8020af00407e4c14246b894558ea41dc6486f60dd71601fc67", size = 2788272 },
    { url = "https://files.pythonhosted.org/packages/74/5f/2a21a719acc333d8d0d558d0cd7813374a85c815d39f6a8d8a34a573ba50/Cython-3.0.5-cp37-cp37m-macosx_10_9_x86_64.whl", hash = "sha256:45aaceb082ad89365f2f783a40db42359591ad55914fb298841196edf88afdc5", size = 3022260 },
    { url = "https://files.pythonhosted.org/packages/14/50/45f761623b6c8a9299e249bc4a03049bc1b49dd32c6c1757725816008178/Cython-3.0.5-cp37-cp37m-manylinux_2_17_aarch64.manylinux2014_aarch64.whl", hash = "sha256:e3e011fa2ae9e953fe1ab8394329a21bdb54357c7fe509bcfb02b88bc15bffbb", size = 3409521 },
    { url = "https://files.pythonhosted.org/packages/a6/d4/ce1de0020fcb4f7004eb7bbef46b4da51168c668ea7cd5430f7a087601c9/Cython-3.0.5-cp37-cp37m-manylinux_2_17_x86_64.manylinux2014_x86_64.whl", hash = "sha256:f18c13d5ed6fde5efd3b1c039f6a34296d1a0409bb00fbf45bec6f9bcf63ddf5", size = 3554720 },
    { url = "https://files.pythonhosted.org/packages/17/25/83a2500477d57bac9f06bd864dc02a52e0251b2d20dc36f01df76aa0892b/Cython-3.0.5-cp37-cp37m-manylinux_2_5_i686.manylinux1_i686.manylinux_2_17_i686.manylinux2014_i686.whl", hash = "sha256:039877e57dc10abf0d30d2de2c7476f0881d8ecef1f29bdeed1a6a06a8d89141", size = 3632730 },
    { url = "https://files.pythonhosted.org/packages/8c/a8/84bb9fa2e67da078eb4cd013d1b0be580c21451366cce32711bc409d2b59/Cython-3.0.5-cp37-cp37m-musllinux_1_1_aarch64.whl", hash = "sha256:4fbc8f62b8d50f9a2eef99927a9dcb8d0a42e5a801ab14c2e4aeab622c88f54b", size = 3449295 },
    { url = "https://files.pythonhosted.org/packages/fd/b8/9e55ad8798893cf7c036b27d1c596bc5acef8aecdf697a7c80c808542c11/Cython-3.0.5-cp37-cp37m-musllinux_1_1_x86_64.whl", hash = "sha256:3cffbba1888f795de2103e6fb1482c8ea8d457e638fa813e090fe747f9e549bb", size = 3578754 },
    { url = "https://files.pythonhosted.org/packages/84/ca/92a22856f46bbc7920946ab3e652185fafb13cb470bdfe4433e7947fffe7/Cython-3.0.5-cp37-cp37m-win32.whl", hash = "sha256:c18e125537a96e76c8c34201e5a9aad8625e3d872dd26a63155573462e54e185", size = 2538666 },
    { url = "https://files.pythonhosted.org/packages/33/9a/ad932f3cd655191afe2f192bba01dd4e99c2e1fd58f69a45514ae115ecdb/Cython-3.0.5-cp37-cp37m-win_amd64.whl", hash = "sha256:93502f45948ae8d7f874ba4c113b50cb6fb4ee664caa82e1ddc398500ee0ffb3", size = 2722105 },
    { url = "https://files.pythonhosted.org/packages/5a/63/d3eb5b85d2e11736c6822c8ebbb9c90b9efbf95835e587f3167c8727ef69/Cython-3.0.5-cp38-cp38-macosx_10_9_x86_64.whl", hash = "sha256:0a9206b0720f0cad3e70c018722f6d10e81b32e65477e14ffedd3fbfadfaddca", size = 3075367 },
    { url = "https://files.pythonhosted.org/packages/bd/b8/6595733c43065feaf893ac7ba7fa42bf174581c4a8777408f42c6017cff3/Cython-3.0.5-cp38-cp38-manylinux_2_17_aarch64.manylinux2014_aarch64.whl", hash = "sha256:530a474a79fa6c2127bb7e3ba00857b1f26a563615863f17b7434331aa3fe404", size = 3463395 },
    { url = "https://files.pythonhosted.org/packages/05/42/a285e120fc4c3a943b3b5b669364823a0cd268f39b2adda620a69e744b82/Cython-3.0.5-cp38-cp38-manylinux_2_17_x86_64.manylinux2014_x86_64.whl", hash = "sha256:115e76fbe9288119526b66963f614042222d1587f1ba5ddb90088215a3d2a25a", size = 3631458 },
    { url = "https://files.pythonhosted.org/packages/e4/ed/71939d522d4481b70d706b4593575e040d4d0311732d6f6b6ed76ee47ff0/Cython-3.0.5-cp38-cp38-manylinux_2_5_i686.manylinux1_i686.manylinux_2_17_i686.manylinux2014_i686.whl", hash = "sha256:035cb6930a8534f865a3f4616543f78bd27e4de9c3e117b2826e395085ffc4c0", size = 3681162 },
    { url = "https://files.pythonhosted.org/packages/4b/82/887fb53ccf516cc13afa97b8487ac8b6d7478e1a0906b38b1e8ef22a6778/Cython-3.0.5-cp38-cp38-musllinux_1_1_aarch64.whl", hash = "sha256:077d9a61e6042174dabf68b8e92c0a80f5aff529439ed314aa6e6a233af80b95", size = 3491920 },
    { url = "https://files.pythonhosted.org/packages/85/fc/f5691dd46774b814f6996f565ec5d8236030f27b62c8452e517f01ee999e/Cython-3.0.5-cp38-cp38-musllinux_1_1_x86_64.whl", hash = "sha256:ba3f7b433c1721a43674c0889d5fad746bf608416c8f849343859e6d4d3a7113", size = 3645861 },
    { url = "https://files.pythonhosted.org/packages/16/23/45071b05050b5b4e7f6a7f1bdb5cf10c98080e14d9e7f11c9e04b874652e/Cython-3.0.5-cp38-cp38-win32.whl", hash = "sha256:a95ed0e6f481462a3ff2be4c2e4ffffc5d00fc3884d4ccd1fe5b702d4938ec09", size = 2580266 },
    { url = "https://files.pythonhosted.org/packages/19/e3/a67f954b552c4bbe140a6bb9ee22ecfa5205ba91aaaca7be2a9b0fbc61b0/Cython-3.0.5-cp38-cp38-win_amd64.whl", hash = "sha256:f687539ead9fbc17f499e33ee20c1dc41598f70ad95edb4990c576447cec9d23", size = 2786640 },
    { url = "https://files.pythonhosted.org/packages/b1/99/07e0c662da034c9d486f16fb1925c7449f3e1f6d9d42fb421b36f8702111/Cython-3.0.5-cp39-cp39-macosx_10_9_x86_64.whl", hash = "sha256:f6fcfef825edb44cf3c6ba2c091ad76a83da62ac9c79553e80e0c2a1f75eda2e", size = 3104575 },
    { url = "https://files.pythonhosted.org/packages/3a/2d/7bd383942e8f3d939bcd13227a67ffbd6fabe8dbfa23031a4ad6b9660098/Cython-3.0.5-cp39-cp39-manylinux_2_17_aarch64.manylinux2014_aarch64.whl", hash = "sha256:d0d9431101f600d5a557d55989658cbfd02b7c0dcd1e4675dac8ad7e0da8ea5b", size = 3459872 },
    { url = "https://files.pythonhosted.org/packages/40/19/46acdb9d0cad7cc2a80f721d6132dc50f7864d1598d9298e83b78c7d6bf9/Cython-3.0.5-cp39-cp39-manylinux_2_17_x86_64.manylinux2014_x86_64.whl", hash = "sha256:db21997270e943aee9cb7694112d24a4702fbe1977fbe53b3cb4db3d02be73d9", size = 3627743 },
    { url = "https://files.pythonhosted.org/packages/39/ae/a42d23053eef0f93938d9d38c24719d919f917add9b0bfb14262b09671de/Cython-3.0.5-cp39-cp39-manylinux_2_5_i686.manylinux1_i686.manylinux_2_17_i686.manylinux2014_i686.whl", hash = "sha256:808f56d4cd0511723b787c341f3cc995fd72893e608102268298c188f4a4f2e7", size = 3680919 },
    { url = "https://files.pythonhosted.org/packages/74/b4/02827b9422731813a780aa6680ca479ee8c7d528257f6df2f32467364b19/Cython-3.0.5-cp39-cp39-musllinux_1_1_aarch64.whl", hash = "sha256:dee39967168d6326ea2df56ad215a4d5049aa52f44cd5aad45bfb63d5b4fb9e5", size = 3468086 },
    { url = "https://files.pythonhosted.org/packages/98/09/ed9fec027692eb2bc7e782e8c273b3248073e4270b3e1475e30d33e268e2/Cython-3.0.5-cp39-cp39-musllinux_1_1_x86_64.whl", hash = "sha256:b77f2b45535bcf3741592fa03183558bd42198b872c1584b896fa0ba5f2ac68d", size = 3620606 },
    { url = "https://files.pythonhosted.org/packages/97/a3/e4176be8a8315b0ddd9ee0dde6fb2e9c4c9eb98ee35703909737c12f42f6/Cython-3.0.5-cp39-cp39-win32.whl", hash = "sha256:5742ef31e1e2c9a4824ef6b05af0f4949047a6f73af1d4b238ce12935174aede", size = 2573332 },
    { url = "https://files.pythonhosted.org/packages/4b/79/69beef9377fb7a8a47925dfd7bcc74125d0b77852ab342fbfc8465dd78e0/Cython-3.0.5-cp39-cp39-win_amd64.whl", hash = "sha256:ada4852db0e33dbdd1425322db081d22b9725cb9f5eba42885467b4e2c4f2ac0", size = 2778255 },
    { url = "https://files.pythonhosted.org/packages/fb/fe/e213d8e9cb21775bb8f9c92ff97861504129e23e33d118be1a90ca26a13e/Cython-3.0.5-py2.py3-none-any.whl", hash = "sha256:75206369504fc442c10a86ecf57b91592dca744e4592af22a47e9a774d53dd10", size = 1164260 },
]

[[package]]
name = "gnn-ranking"
version = "0.1.0"
source = { virtual = "." }
dependencies = [
    { name = "cython" },
    { name = "networkit" },
    { name = "networkx" },
    { name = "numpy" },
    { name = "scipy" },
    { name = "torch" },
]

[package.metadata]
requires-dist = [
    { name = "cython", specifier = "==3.0.5" },
    { name = "networkit", specifier = "==10.0" },
    { name = "networkx", specifier = "==2.6.3" },
    { name = "numpy", specifier = "==1.21.6" },
    { name = "scipy", specifier = "==1.7.3" },
    { name = "torch", url = "https://download.pytorch.org/whl/cpu/torch-0.4.1-cp37-cp37m-linux_x86_64.whl" },
]

[[package]]
name = "networkit"
version = "10.0"
source = { registry = "https://pypi.org/simple" }
dependencies = [
    { name = "numpy" },
    { name = "scipy" },
]
sdist = { url = "https://files.pythonhosted.org/packages/06/b7/1aad46f0c2e46c1d3f47f7a0d7e486a9b3bd5bf96bfe895fe7767426686a/networkit-10.0.tar.gz", hash = "sha256:6fe69db1178b69305c40836953b6f7731574e211cea53ced52bbc45b9fff2a1d", size = 5661226 }
wheels = [
    { url = "https://files.pythonhosted.org/packages/83/58/3bd1b55a3de687b4855c54e7819b275a2192505f2ff5afe65385324a0548/networkit-10.0-cp310-cp310-macosx_10_9_x86_64.whl", hash = "sha256:a1edee63449d7a23150aa042d252fbc167293be0f9598d3b24fad624a65fa7e5", size = 7363661 },
    { url = "https://files.pythonhosted.org/packages/ee/e4/b9a720cc5c30fbc95a11da6a2f510169c7691700e62808bc50eebdefa2cf/networkit-10.0-cp310-cp310-macosx_12_0_arm64.whl", hash = "sha256:ad96951452b02b37348125e70eafce1bf75b1c2aca81b66141f5cad89937fedc", size = 5297623 },
    { url = "https://files.pythonhosted.org/packages/3c/3f/e606f467419b9ed345d61f2423751a7aed1a365977be2edc3fc52cad58ce/networkit-10.0-cp310-cp310-manylinux_2_12_x86_64.manylinux2010_x86_64.whl", hash = "sha256:f58db231ed06bad6264036cac4405ebe8d4d6890480bb23f2a36399799f0ae94", size = 9766041 },
    { url = "https://files.pythonhosted.org/packages/78/3d/2a5cb58c5baf7af19f0a4fc6e6735cb32172a1b1f3c60728628e9f140edf/networkit-10.0-cp310-cp310-manylinux_2_17_aarch64.manylinux2014_aarch64.whl", hash = "sha256:0a6e96ffcc84b10f079d41e4394349df2e26d7b0fd15a3579aafc96e5e69e088", size = 7264060 },
    { url = "https://files.pythonhosted.org/packages/18/7d/4f500a5ae9e37b864142df053ba63c098d46e2534f937e75f9f7717954af/networkit-10.0-cp310-cp310-win_amd64.whl", hash = "sha256:52961ec7456f17b71235b867880b64613cac3379c200a0b82ae60a29c0b43188", size = 20941415 },
    { url = "https://files.pythonhosted.org/packages/70/b1/bba8910969fe4b5e2d39015216c2bce822c56b27d48c73ef732798d6cb6b/networkit-10.0-cp37-cp37m-macosx_10_9_x86_64.whl", hash = "sha256:d861c44595aa59556a387307ed9a309da89e8c60ac8c3d9304ffbad7afbeeac8", size = 7363765 },
    { url = "https://files.pythonhosted.org/packages/b9/29/d07828c032c5cba14d7f28da8910f423218f77c0d9c3984700ecb318ac9d/networkit-10.0-cp37-cp37m-manylinux_2_12_x86_64.manylinux2010_x86_64.whl", hash = "sha256:d2c54fbd6bed7c10cb77bb5520db4f8e50c28763c27c66a905c6b858eb9e7400", size = 9785482 },
    { url = "https://files.pythonhosted.org/packages/eb/d7/dc4d6763f48b4a31062b13b1e79de8625e74ade20004b58856d865ba4215/networkit-10.0-cp38-cp38-macosx_10_9_x86_64.whl", hash = "sha256:1ab8f51c99eccd9b1b32d78000204187b3d04325f6d78653fc91aaf56070643b", size = 7355260 },
    { url = "https://files.pythonhosted.org/packages/3f/d4/ee9334cc1edcc21b7bd7ec75b0fa869ba2bc2f31d761c827ee08ec71912e/networkit-10.0-cp38-cp38-manylinux_2_12_x86_64.manylinux2010_x86_64.whl", hash = "sha256:06250e34f4d85e11c09366764b5efe13f1329feb5557a2ade80dd1be3dfc8aac", size = 9815025 },
    { url = "https://files.pythonhosted.org/packages/84/2a/4a15c762e664e40137ffd266b195e611a32335b1424a4f0274cfde9ad063/networkit-10.0-cp38-cp38-win_amd64.whl", hash = "sha256:5100d3e53623a340b97cff348b6c34571030ab799ddb47de656586320c3ea5a2", size = 20980413 },
    { url = "https://files.pythonhosted.org/packages/d9/30/7c6528d869872d3984b03da2a5dd5a524747dcd5a10b5e02dffacf99fcd5/networkit-10.0-cp39-cp39-macosx_10_9_x86_64.whl", hash = "sha256:1ac1f2b1406416fc7f55b5b6defceb893ae74355c1171d38664446191d3334d3", size = 7394691 },
    { url = "https://files.pythonhosted.org/packages/4b/80/8ae1ce4f3bcb18ea7ba0b102df368f1b0e86ccb71b38435b6df965c5792d/networkit-10.0-cp39-cp39-macosx_12_0_arm64.whl", hash = "sha256:f1cab5c1f511597d88246c2ddd03eff1866607aa7776f47ea02a2fc502ae0a21", size = 5316057 },
    { url = "https://files.pythonhosted.org/packages/33/4a/00ccafb034d94b27e728dd75e76f8578ba47d520d1defeeed8776f3e0589/networkit-10.0-cp39-cp39-manylinux_2_12_x86_64.manylinux2010_x86_64.whl", hash = "sha256:797f8122afeeb164f93ec0428df897d5dc84273eb4cd67b828fabf53a6fec5e2", size = 9813539 },
    { url = "https://files.pythonhosted.org/packages/d4/96/a640e2be25a1fea63ba4f26571f0b24b4a3df6b1a83443d12abbbf390d59/networkit-10.0-cp39-cp39-win_amd64.whl", hash = "sha256:ae398bd9bc1dffa07a230a82c1e5cb03b865896d4a277c52ceabcab283ad6753", size = 20983323 },
]

[[package]]
name = "networkx"
version = "2.6.3"
source = { registry = "https://pypi.org/simple" }
sdist = { url = "https://files.pythonhosted.org/packages/97/ae/7497bc5e1c84af95e585e3f98585c9f06c627fac6340984c4243053e8f44/networkx-2.6.3.tar.gz", hash = "sha256:c0946ed31d71f1b732b5aaa6da5a0388a345019af232ce2f49c766e2d6795c51", size = 1844862 }
wheels = [
    { url = "https://files.pythonhosted.org/packages/e9/93/aa6613aa70d6eb4868e667068b5a11feca9645498fd31b954b6c4bb82fa5/networkx-2.6.3-py3-none-any.whl", hash = "sha256:80b6b89c77d1dfb64a4c7854981b60aeea6360ac02c6d4e4913319e0a313abef", size = 1927288 },
]

[[package]]
name = "numpy"
version = "1.21.6"
source = { registry = "https://pypi.org/simple" }
sdist = { url = "https://files.pythonhosted.org/packages/45/b7/de7b8e67f2232c26af57c205aaad29fe17754f793404f59c8a730c7a191a/numpy-1.21.6.zip", hash = "sha256:ecb55251139706669fdec2ff073c98ef8e9a84473e51e716211b41aa0f18e656", size = 10274544 }
wheels = [
    { url = "https://files.pythonhosted.org/packages/ff/c6/05ae3c7f75b596e1bb3d78131c331eada9376a03d1af9801bd40e4675023/numpy-1.21.6-cp310-cp310-macosx_10_9_universal2.whl", hash = "sha256:8737609c3bbdd48e380d463134a35ffad3b22dc56295eff6f79fd85bd0eeeb25", size = 27203123 },
    { url = "https://files.pythonhosted.org/packages/4a/72/a3379f83172f1431d7949138373e3a24beed68184c9362dab1b4d465be26/numpy-1.21.6-cp310-cp310-macosx_10_9_x86_64.whl", hash = "sha256:fdffbfb6832cd0b300995a2b08b8f6fa9f6e856d562800fea9182316d99c4e8e", size = 16965603 },
    { url = "https://files.pythonhosted.org/packages/26/e7/4a6f579af8186372b03e8480e47df309520d91cfead8759b64dd5ac62688/numpy-1.21.6-cp310-cp310-macosx_11_0_arm64.whl", hash = "sha256:3820724272f9913b597ccd13a467cc492a0da6b05df26ea09e78b171a0bb9da6", size = 12364595 },
    { url = "https://files.pythonhosted.org/packages/57/ba/d8cbdfd507b541bb247beff24d9d7304ac8ffc379cf585701187d45d4512/numpy-1.21.6-cp310-cp310-manylinux_2_17_aarch64.manylinux2014_aarch64.whl", hash = "sha256:f17e562de9edf691a42ddb1eb4a5541c20dd3f9e65b09ded2beb0799c0cf29bb", size = 13019278 },
    { url = "https://files.pythonhosted.org/packages/6f/7b/036000a55680e6c7eb81502b0aa27ce0ed65d4d8805613909967d9f8baf6/numpy-1.21.6-cp310-cp310-manylinux_2_17_x86_64.manylinux2014_x86_64.whl", hash = "sha256:5f30427731561ce75d7048ac254dbe47a2ba576229250fb60f0fb74db96501a1", size = 15906004 },
    { url = "https://files.pythonhosted.org/packages/b0/77/ff8bbe56ff6cbbdbdb8a641c67cee61e29b2e8bfbb18732c2e1d2961fe4d/numpy-1.21.6-cp310-cp310-win32.whl", hash = "sha256:d4bf4d43077db55589ffc9009c0ba0a94fa4908b9586d6ccce2e0b164c86303c", size = 11706182 },
    { url = "https://files.pythonhosted.org/packages/ec/03/93702ca9c4bd61791e46c80ff1f24943febb2317484cf7e8207688bbbd95/numpy-1.21.6-cp310-cp310-win_amd64.whl", hash = "sha256:d136337ae3cc69aa5e447e78d8e1514be8c3ec9b54264e680cf0b4bd9011574f", size = 14008913 },
    { url = "https://files.pythonhosted.org/packages/32/dd/43d8b2b2ebf424f6555271a4c9f5b50dc3cc0aafa66c72b4d36863f71358/numpy-1.21.6-cp37-cp37m-macosx_10_9_x86_64.whl", hash = "sha256:6aaf96c7f8cebc220cdfc03f1d5a31952f027dda050e5a703a0d1c396075e3e7", size = 16894122 },
    { url = "https://files.pythonhosted.org/packages/06/78/b184f13f5461812a17a90b380d70a93fa3532460f0af9d72b0d93d8bc4ff/numpy-1.21.6-cp37-cp37m-manylinux_2_12_i686.manylinux2010_i686.whl", hash = "sha256:67c261d6c0a9981820c3a149d255a76918278a6b03b6a036800359aba1256d46", size = 13670697 },
    { url = "https://files.pythonhosted.org/packages/6d/ad/ff3b21ebfe79a4d25b4a4f8e5cf9fd44a204adb6b33c09010f566f51027a/numpy-1.21.6-cp37-cp37m-manylinux_2_12_x86_64.manylinux2010_x86_64.whl", hash = "sha256:a6be4cb0ef3b8c9250c19cc122267263093eee7edd4e3fa75395dfda8c17a8e2", size = 15702369 },
    { url = "https://files.pythonhosted.org/packages/b7/0d/86662f93102e42545cdf031da4fddf0ace9030ec67478932a628afc5973b/numpy-1.21.6-cp37-cp37m-manylinux_2_17_aarch64.manylinux2014_aarch64.whl", hash = "sha256:7c4068a8c44014b2d55f3c3f574c376b2494ca9cc73d2f1bd692382b6dffe3db", size = 12974170 },
    { url = "https://files.pythonhosted.org/packages/cd/eb/f6f3258e7b0e0cc5c327778312bf4ee4978c8514aa28e97119ee206f6e60/numpy-1.21.6-cp37-cp37m-win32.whl", hash = "sha256:7c7e5fa88d9ff656e067876e4736379cc962d185d5cd808014a8a928d529ef4e", size = 11680505 },
    { url = "https://files.pythonhosted.org/packages/97/9f/da37cc4a188a1d5d203d65ab28d6504e17594b5342e0c1dc5610ee6f4535/numpy-1.21.6-cp37-cp37m-win_amd64.whl", hash = "sha256:bcb238c9c96c00d3085b264e5c1a1207672577b93fa666c3b14a45240b14123a", size = 13969236 },
    { url = "https://files.pythonhosted.org/packages/b5/e2/b2df1f664d644e690b40179fc0a07c163c6decf986c7adee8a85a094e8ce/numpy-1.21.6-cp38-cp38-macosx_10_9_universal2.whl", hash = "sha256:82691fda7c3f77c90e62da69ae60b5ac08e87e775b09813559f8901a88266552", size = 27127297 },
    { url = "https://files.pythonhosted.org/packages/5b/d4/be63d2bed7d10f443dee42469623326b6bc51c9e5cd096ebb7227bca456f/numpy-1.21.6-cp38-cp38-macosx_10_9_x86_64.whl", hash = "sha256:643843bcc1c50526b3a71cd2ee561cf0d8773f062c8cbaf9ffac9fdf573f83ab", size = 16926225 },
    { url = "https://files.pythonhosted.org/packages/0d/21/036363516c06737135ee58741e9c0af4899348ce3c5f5e04379240edd090/numpy-1.21.6-cp38-cp38-macosx_11_0_arm64.whl", hash = "sha256:357768c2e4451ac241465157a3e929b265dfac85d9214074985b1786244f2ef3", size = 12329630 },
    { url = "https://files.pythonhosted.org/packages/6a/52/a1dcf14b8e81d49c14112663290ee2ed545bd04988170138284a613bd926/numpy-1.21.6-cp38-cp38-manylinux_2_12_i686.manylinux2010_i686.whl", hash = "sha256:9f411b2c3f3d76bba0865b35a425157c5dcf54937f82bbeb3d3c180789dd66a6", size = 13719672 },
    { url = "https://files.pythonhosted.org/packages/d5/43/e88bb1fb7d040ae8e0e06e749341b13f57701aab11fe9d71c99af6202c5c/numpy-1.21.6-cp38-cp38-manylinux_2_12_x86_64.manylinux2010_x86_64.whl", hash = "sha256:4aa48afdce4660b0076a00d80afa54e8a97cd49f457d68a4342d188a09451c1a", size = 15749422 },
    { url = "https://files.pythonhosted.org/packages/86/c7/3f68d0a8dcc9458879c614707e6ffaf64a108664cfbba9702d3ba7ca4c82/numpy-1.21.6-cp38-cp38-manylinux_2_17_aarch64.manylinux2014_aarch64.whl", hash = "sha256:d6a96eef20f639e6a97d23e57dd0c1b1069a7b4fd7027482a4c5c451cd7732f4", size = 13026205 },
    { url = "https://files.pythonhosted.org/packages/6f/47/453023bd298f8b0be092d8a8bdd4b21f87a8c639ecb724a94cd75e23d216/numpy-1.21.6-cp38-cp38-win32.whl", hash = "sha256:5c3c8def4230e1b959671eb959083661b4a0d2e9af93ee339c7dada6759a9470", size = 11707551 },
    { url = "https://files.pythonhosted.org/packages/48/5f/db4550e1c68206814a577ebd92c0dd082f3628fd7fc96725d44a521b0c92/numpy-1.21.6-cp38-cp38-win_amd64.whl", hash = "sha256:bf2ec4b75d0e9356edea834d1de42b31fe11f726a81dfb2c2112bc1eaa508fcf", size = 14009785 },
    { url = "https://files.pythonhosted.org/packages/83/eb/a6a0d7fc8e718776c5c710692ea027607104710cba813c4b869182179334/numpy-1.21.6-cp39-cp39-macosx_10_9_universal2.whl", hash = "sha256:4391bd07606be175aafd267ef9bea87cf1b8210c787666ce82073b05f202add1", size = 27202394 },
    { url = "https://files.pythonhosted.org/packages/4c/62/07402945bd5d5cf515a5f0cbc7263abf02ec0ddf3b19fbdc4af7537cd4d0/numpy-1.21.6-cp39-cp39-macosx_10_9_x86_64.whl", hash = "sha256:67f21981ba2f9d7ba9ade60c9e8cbaa8cf8e9ae51673934480e45cf55e953673", size = 16965163 },
    { url = "https://files.pythonhosted.org/packages/44/56/041e886b4a8da813b7ec297c270fb3582d2ae8b7f33e106eb5c7a5e9184c/numpy-1.21.6-cp39-cp39-macosx_11_0_arm64.whl", hash = "sha256:ee5ec40fdd06d62fe5d4084bef4fd50fd4bb6bfd2bf519365f569dc470163ab0", size = 12364236 },
    { url = "https://files.pythonhosted.org/packages/61/f4/f01a8989e53a437ad660ab86c91514bec3d5067393e4a844b259f5a103de/numpy-1.21.6-cp39-cp39-manylinux_2_12_i686.manylinux2010_i686.whl", hash = "sha256:1dbe1c91269f880e364526649a52eff93ac30035507ae980d2fed33aaee633ac", size = 13721583 },
    { url = "https://files.pythonhosted.org/packages/e7/f2/0bdcf2c40ef144cbbc9e0947eea831a145a98b0e5f8438fc09cf7fda0b35/numpy-1.21.6-cp39-cp39-manylinux_2_12_x86_64.manylinux2010_x86_64.whl", hash = "sha256:d9caa9d5e682102453d96a0ee10c7241b72859b01a941a397fd965f23b3e016b", size = 15734025 },
    { url = "https://files.pythonhosted.org/packages/76/7f/830cf169eede1b855538f962e3a70c31755db6423652695b813ed04ff54e/numpy-1.21.6-cp39-cp39-manylinux_2_17_aarch64.manylinux2014_aarch64.whl", hash = "sha256:58459d3bad03343ac4b1b42ed14d571b8743dc80ccbf27444f266729df1d6f5b", size = 13020515 },
    { url = "https://files.pythonhosted.org/packages/1b/b5/7178d5a22427a9195ac69d6ec150415734f7a7a19d1142f82b89ead1dac4/numpy-1.21.6-cp39-cp39-win32.whl", hash = "sha256:7f5ae4f304257569ef3b948810816bc87c9146e8c446053539947eedeaa32786", size = 11706846 },
    { url = "https://files.pythonhosted.org/packages/4d/04/bcd62448f2e772bc90a73ba21bacaa19817ae9905ae639969462862bd071/numpy-1.21.6-cp39-cp39-win_amd64.whl", hash = "sha256:e31f0bb5928b793169b87e3d1e070f2342b22d5245c755e2b81caa29756246c3", size = 14008965 },
    { url = "https://files.pythonhosted.org/packages/2e/5a/6f3e280a10de48395053a559bfcb3b2221b74b57d062c1d6307fc965f549/numpy-1.21.6-pp37-pypy37_pp73-manylinux_2_12_x86_64.manylinux2010_x86_64.whl", hash = "sha256:dd1c8f6bd65d07d3810b90d02eba7997e32abbdf1277a481d698969e921a3be0", size = 15159527 },
]

[[package]]
name = "scipy"
version = "1.7.3"
source = { registry = "https://pypi.org/simple" }
dependencies = [
    { name = "numpy" },
]
sdist = { url = "https://files.pythonhosted.org/packages/61/67/1a654b96309c991762ee9bc39c363fc618076b155fe52d295211cf2536c7/scipy-1.7.3.tar.gz", hash = "sha256:ab5875facfdef77e0a47d5fd39ea178b58e60e454a4c85aa1e52fcb80db7babf", size = 36102562 }
wheels = [
    { url = "https://files.pythonhosted.org/packages/4e/88/77ebba491d83a55f0a7d7817cc587c57110e96bc6e55b840e2838293effe/scipy-1.7.3-1-cp310-cp310-macosx_12_0_arm64.whl", hash = "sha256:c9e04d7e9b03a8a6ac2045f7c5ef741be86727d8f49c45db45f244bdd2bcff17", size = 27028448 },
    { url = "https://files.pythonhosted.org/packages/3c/f3/d22f545d7b760b73b70c965117be26aac07820f35e58978c80d4943b708c/scipy-1.7.3-1-cp38-cp38-macosx_12_0_arm64.whl", hash = "sha256:b0e0aeb061a1d7dcd2ed59ea57ee56c9b23dd60100825f98238c06ee5cc4467e", size = 26922238 },
    { url = "https://files.pythonhosted.org/packages/f9/7a/e872395711a1d5a571751153d5e4f81f316716ce50563dc263d365ce9251/scipy-1.7.3-1-cp39-cp39-macosx_12_0_arm64.whl", hash = "sha256:b78a35c5c74d336f42f44106174b9851c783184a85a3fe3e68857259b37b9ffb", size = 27026279 },
    { url = "https://files.pythonhosted.org/packages/7d/4d/2be384b99480973f8b36a0b5a836a133fca1186acc26eb4c669d948537c3/scipy-1.7.3-cp310-cp310-macosx_10_9_x86_64.whl", hash = "sha256:173308efba2270dcd61cd45a30dfded6ec0085b4b6eb33b5eb11ab443005e088", size = 33228774 },
    { url = "https://files.pythonhosted.org/packages/0b/8a/a4ec80ca1225c502c85ffb3d96270878f2af7de3589d9b6ddbe5c18fdc53/scipy-1.7.3-cp310-cp310-macosx_12_0_arm64.whl", hash = "sha256:21b66200cf44b1c3e86495e3a436fc7a26608f92b8d43d344457c54f1c024cbc", size = 27027301 },
    { url = "https://files.pythonhosted.org/packages/74/59/85b118ea77a1337fd4fad3f4df194c5a6b2e46aa4bcfa8c62a2bf1c8bd43/scipy-1.7.3-cp310-cp310-manylinux_2_17_aarch64.manylinux2014_aarch64.whl", hash = "sha256:ceebc3c4f6a109777c0053dfa0282fddb8893eddfb0d598574acfb734a926168", size = 36766069 },
    { url = "https://files.pythonhosted.org/packages/0e/bd/50badd52af542bc9cbad515f55881578a7316dd53914e5993dcf0c70a937/scipy-1.7.3-cp310-cp310-manylinux_2_17_x86_64.manylinux2014_x86_64.whl", hash = "sha256:f7eaea089345a35130bc9a39b89ec1ff69c208efa97b3f8b25ea5d4c41d88094", size = 39925907 },
    { url = "https://files.pythonhosted.org/packages/52/8a/d53c6a64dd88ef80911a150478367567a9b1254d1926664524867c4d64e2/scipy-1.7.3-cp310-cp310-win_amd64.whl", hash = "sha256:304dfaa7146cffdb75fbf6bb7c190fd7688795389ad060b970269c8576d038e9", size = 34298210 },
    { url = "https://files.pythonhosted.org/packages/85/64/5dbe0daf0beb14c3cd4b9a3493c5dc1fda68d13ad3fe0b173be8032e3172/scipy-1.7.3-cp37-cp37m-macosx_10_9_x86_64.whl", hash = "sha256:033ce76ed4e9f62923e1f8124f7e2b0800db533828c853b402c7eec6e9465d80", size = 32954212 },
    { url = "https://files.pythonhosted.org/packages/26/95/9f31b17536576bef58dc45095f9e75a6d737039b6f03a1106cc4923ecd37/scipy-1.7.3-cp37-cp37m-manylinux_2_12_i686.manylinux2010_i686.whl", hash = "sha256:4d242d13206ca4302d83d8a6388c9dfce49fc48fdd3c20efad89ba12f785bf9e", size = 33763763 },
    { url = "https://files.pythonhosted.org/packages/58/4f/11f34cfc57ead25752a7992b069c36f5d18421958ebd6466ecd849aeaf86/scipy-1.7.3-cp37-cp37m-manylinux_2_12_x86_64.manylinux2010_x86_64.whl", hash = "sha256:8499d9dd1459dc0d0fe68db0832c3d5fc1361ae8e13d05e6849b358dc3f2c279", size = 38121069 },
    { url = "https://files.pythonhosted.org/packages/b3/15/af1dcdd4de821212d5d3c8892d8042181c48efd34dbc5713d84f41d67c8c/scipy-1.7.3-cp37-cp37m-manylinux_2_17_aarch64.manylinux2014_aarch64.whl", hash = "sha256:ca36e7d9430f7481fc7d11e015ae16fbd5575615a8e9060538104778be84addf", size = 36099230 },
    { url = "https://files.pythonhosted.org/packages/53/0f/e20b9a9ee2560bb233878dfad66ad7643fcd0484c579da0f82533b811fe7/scipy-1.7.3-cp37-cp37m-win32.whl", hash = "sha256:e2c036492e673aad1b7b0d0ccdc0cb30a968353d2c4bf92ac8e73509e1bf212c", size = 30643774 },
    { url = "https://files.pythonhosted.org/packages/40/69/4af412d078cef2298f7d90546fa0e03e65a032558bd85319239c72ae0c3c/scipy-1.7.3-cp37-cp37m-win_amd64.whl", hash = "sha256:866ada14a95b083dd727a845a764cf95dd13ba3dc69a16b99038001b05439709", size = 34101672 },
    { url = "https://files.pythonhosted.org/packages/5a/87/97375b35bdeb839487575f5eadac107fdfdcdaede6de139042657e1cfd44/scipy-1.7.3-cp38-cp38-macosx_10_9_x86_64.whl", hash = "sha256:65bd52bf55f9a1071398557394203d881384d27b9c2cad7df9a027170aeaef93", size = 33022666 },
    { url = "https://files.pythonhosted.org/packages/e3/c8/1fdbdd0ef6712eddca6911f5130c3eb4fc58912e48bea53014b94033b48f/scipy-1.7.3-cp38-cp38-macosx_12_0_arm64.whl", hash = "sha256:f99d206db1f1ae735a8192ab93bd6028f3a42f6fa08467d37a14eb96c9dd34a3", size = 26920936 },
    { url = "https://files.pythonhosted.org/packages/ce/cd/255622ddfc48be44212b91b22616995c9a3051a00fbfb41d7a38bf5f4151/scipy-1.7.3-cp38-cp38-manylinux_2_12_i686.manylinux2010_i686.whl", hash = "sha256:5f2cfc359379c56b3a41b17ebd024109b2049f878badc1e454f31418c3a18436", size = 34318047 },
    { url = "https://files.pythonhosted.org/packages/ec/5e/6bfc7e77cf54ba51e5ec8e83ee6fe9c5f1b4b3e2d233925f2c322fa704bd/scipy-1.7.3-cp38-cp38-manylinux_2_17_aarch64.manylinux2014_aarch64.whl", hash = "sha256:eb7ae2c4dbdb3c9247e07acc532f91077ae6dbc40ad5bd5dca0bb5a176ee9bda", size = 36806279 },
    { url = "https://files.pythonhosted.org/packages/f8/3d/26a75c8045181c2fab9c76936ca84318a6674707e33e42c727c1d84f1df4/scipy-1.7.3-cp38-cp38-manylinux_2_17_x86_64.manylinux2014_x86_64.whl", hash = "sha256:95c2d250074cfa76715d58830579c64dff7354484b284c2b8b87e5a38321672c", size = 39251778 },
    { url = "https://files.pythonhosted.org/packages/74/1c/e35da98edce8e1087fe9d710b328fbe91e2f2cc43f2e6e7f235ff22da5df/scipy-1.7.3-cp38-cp38-win32.whl", hash = "sha256:87069cf875f0262a6e3187ab0f419f5b4280d3dcf4811ef9613c605f6e4dca95", size = 30739935 },
    { url = "https://files.pythonhosted.org/packages/b9/23/8c13a8973f5f695577f396fc2a6a920d00e91727bff173c48d03d1732a78/scipy-1.7.3-cp38-cp38-win_amd64.whl", hash = "sha256:7edd9a311299a61e9919ea4192dd477395b50c014cdc1a1ac572d7c27e2207fa", size = 34227804 },
    { url = "https://files.pythonhosted.org/packages/40/d4/5fb5b45921595537d62018e7683a814001801cb9bfd3d9e1519e247c9f51/scipy-1.7.3-cp39-cp39-macosx_10_9_x86_64.whl", hash = "sha256:eef93a446114ac0193a7b714ce67659db80caf940f3232bad63f4c7a81bc18df", size = 33185551 },
    { url = "https://files.pythonhosted.org/packages/42/99/df116d635aac9c33598ff800d61a48e0a62f2f5040381baa0e100a34674e/scipy-1.7.3-cp39-cp39-macosx_12_0_arm64.whl", hash = "sha256:eb326658f9b73c07081300daba90a8746543b5ea177184daed26528273157294", size = 27024899 },
    { url = "https://files.pythonhosted.org/packages/8d/95/91a97cfd4fd4cae1b987cb1eef2a19988d9fe6ed888ccebc930fa09ca07d/scipy-1.7.3-cp39-cp39-manylinux_2_12_i686.manylinux2010_i686.whl", hash = "sha256:93378f3d14fff07572392ce6a6a2ceb3a1f237733bd6dcb9eb6a2b29b0d19085", size = 34528657 },
    { url = "https://files.pythonhosted.org/packages/e8/5f/0225a279d4bd94747651334a1c5c5a73653f32c5b901a07f69fa19196982/scipy-1.7.3-cp39-cp39-manylinux_2_17_aarch64.manylinux2014_aarch64.whl", hash = "sha256:edad1cf5b2ce1912c4d8ddad20e11d333165552aba262c882e28c78bbc09dbf6", size = 36613337 },
    { url = "https://files.pythonhosted.org/packages/ab/66/407b91025b5243f048e3a8498d2d427c97a3eb05313022cece2783ccbd80/scipy-1.7.3-cp39-cp39-manylinux_2_17_x86_64.manylinux2014_x86_64.whl", hash = "sha256:5d1cc2c19afe3b5a546ede7e6a44ce1ff52e443d12b231823268019f608b9b12", size = 39798922 },
    { url = "https://files.pythonhosted.org/packages/89/16/d8025f3505c27aff45ea27a1613adf2db8b633fee284ab97cda6448de50e/scipy-1.7.3-cp39-cp39-win32.whl", hash = "sha256:2c56b820d304dffcadbbb6cbfbc2e2c79ee46ea291db17e288e73cd3c64fefa9", size = 30782990 },
    { url = "https://files.pythonhosted.org/packages/29/25/e0eda0ef1ed93f5254078937062e08f9eb3b78220dd3564790569e98c45c/scipy-1.7.3-cp39-cp39-win_amd64.whl", hash = "sha256:3f78181a153fa21c018d346f595edd648344751d7f03ab94b398be2ad083ed3e", size = 34273586 },
]

[[package]]
name = "torch"
version = "0.4.1"
source = { url = "https://download.pytorch.org/whl/cpu/torch-0.4.1-cp37-cp37m-linux_x86_64.whl" }
wheels = [
    { url = "https://download.pytorch.org/whl/cpu/torch-0.4.1-cp37-cp37m-linux_x86_64.whl", hash = "sha256:298a82048ae6b16bb7f7ca60bb7eeb037f2944415e8d155cd772ab5728753b46" },
]
